
Microsoft Visual Studio Solution File, Format Version 12.00
# Visual Studio Version 17
VisualStudioVersion = 17.4.33103.184
MinimumVisualStudioVersion = 10.0.40219.1
Project("{9A19103F-16F7-4668-BE54-9A1E7A4F7556}") = "IT_task", "IT_task\IT_task.csproj", "{BC38E173-4540-41C9-8A83-27C78061B719}"
EndProject
Project("{9A19103F-16F7-4668-BE54-9A1E7A4F7556}") = "domain", "domain\domain.csproj", "{99B8CCA4-A3C9-4F52-BA95-4A67F98FBDC3}"
EndProject
Project("{9A19103F-16F7-4668-BE54-9A1E7A4F7556}") = "Tests", "Tests\Tests.csproj", "{18F69BF9-F74D-45B3-8404-B6F18BF55402}"
EndProject
Project("{FAE04EC0-301F-11D3-BF4B-00C04F79EFBC}") = "DataBase", "DataBase\DataBase.csproj", "{13AE86F6-C9B4-4330-A04B-3FFDC1992D20}"
EndProject
Global
	GlobalSection(SolutionConfigurationPlatforms) = preSolution
		Debug|Any CPU = Debug|Any CPU
		Release|Any CPU = Release|Any CPU
	EndGlobalSection
	GlobalSection(ProjectConfigurationPlatforms) = postSolution
		{BC38E173-4540-41C9-8A83-27C78061B719}.Debug|Any CPU.ActiveCfg = Debug|Any CPU
		{BC38E173-4540-41C9-8A83-27C78061B719}.Debug|Any CPU.Build.0 = Debug|Any CPU
		{BC38E173-4540-41C9-8A83-27C78061B719}.Release|Any CPU.ActiveCfg = Release|Any CPU
		{BC38E173-4540-41C9-8A83-27C78061B719}.Release|Any CPU.Build.0 = Release|Any CPU
		{99B8CCA4-A3C9-4F52-BA95-4A67F98FBDC3}.Debug|Any CPU.ActiveCfg = Debug|Any CPU
		{99B8CCA4-A3C9-4F52-BA95-4A67F98FBDC3}.Debug|Any CPU.Build.0 = Debug|Any CPU
		{99B8CCA4-A3C9-4F52-BA95-4A67F98FBDC3}.Release|Any CPU.ActiveCfg = Release|Any CPU
		{99B8CCA4-A3C9-4F52-BA95-4A67F98FBDC3}.Release|Any CPU.Build.0 = Release|Any CPU
		{18F69BF9-F74D-45B3-8404-B6F18BF55402}.Debug|Any CPU.ActiveCfg = Debug|Any CPU
		{18F69BF9-F74D-45B3-8404-B6F18BF55402}.Debug|Any CPU.Build.0 = Debug|Any CPU
		{18F69BF9-F74D-45B3-8404-B6F18BF55402}.Release|Any CPU.ActiveCfg = Release|Any CPU
		{18F69BF9-F74D-45B3-8404-B6F18BF55402}.Release|Any CPU.Build.0 = Release|Any CPU
		{13AE86F6-C9B4-4330-A04B-3FFDC1992D20}.Debug|Any CPU.ActiveCfg = Debug|Any CPU
		{13AE86F6-C9B4-4330-A04B-3FFDC1992D20}.Debug|Any CPU.Build.0 = Debug|Any CPU
		{13AE86F6-C9B4-4330-A04B-3FFDC1992D20}.Release|Any CPU.ActiveCfg = Release|Any CPU
		{13AE86F6-C9B4-4330-A04B-3FFDC1992D20}.Release|Any CPU.Build.0 = Release|Any CPU
	EndGlobalSection
	GlobalSection(SolutionProperties) = preSolution
		HideSolutionNode = FALSE
	EndGlobalSection
	GlobalSection(ExtensibilityGlobals) = postSolution
		SolutionGuid = {0FFCE67F-A18C-4391-B0F0-345113C1F358}
	EndGlobalSection
EndGlobal
